
Microsoft Visual Studio Solution File, Format Version 12.00
# Visual Studio Version 17
VisualStudioVersion = 17.5.33424.131
MinimumVisualStudioVersion = 10.0.40219.1
Project("{8BC9CEB8-8B4A-11D0-8D11-00A0C91BC942}") = "002_Compaile", "002_Compaile\002_Compaile.vcxproj", "{C0D2E5AF-AC98-4757-A73D-52C3ABB9B87F}"
EndProject
Global
	GlobalSection(SolutionConfigurationPlatforms) = preSolution
		Debug|x64 = Debug|x64
		Debug|x86 = Debug|x86
		Release|x64 = Release|x64
		Release|x86 = Release|x86
	EndGlobalSection
	GlobalSection(ProjectConfigurationPlatforms) = postSolution
		{C0D2E5AF-AC98-4757-A73D-52C3ABB9B87F}.Debug|x64.ActiveCfg = Debug|x64
		{C0D2E5AF-AC98-4757-A73D-52C3ABB9B87F}.Debug|x64.Build.0 = Debug|x64
		{C0D2E5AF-AC98-4757-A73D-52C3ABB9B87F}.Debug|x86.ActiveCfg = Debug|Win32
		{C0D2E5AF-AC98-4757-A73D-52C3ABB9B87F}.Debug|x86.Build.0 = Debug|Win32
		{C0D2E5AF-AC98-4757-A73D-52C3ABB9B87F}.Release|x64.ActiveCfg = Release|x64
		{C0D2E5AF-AC98-4757-A73D-52C3ABB9B87F}.Release|x64.Build.0 = Release|x64
		{C0D2E5AF-AC98-4757-A73D-52C3ABB9B87F}.Release|x86.ActiveCfg = Release|Win32
		{C0D2E5AF-AC98-4757-A73D-52C3ABB9B87F}.Release|x86.Build.0 = Release|Win32
	EndGlobalSection
	GlobalSection(SolutionProperties) = preSolution
		HideSolutionNode = FALSE
	EndGlobalSection
	GlobalSection(ExtensibilityGlobals) = postSolution
		SolutionGuid = {2EAE10D3-1E22-4960-9189-77CC2B633AA4}
	EndGlobalSection
EndGlobal
