
Microsoft Visual Studio Solution File, Format Version 12.00
# Visual Studio Version 17
VisualStudioVersion = 17.5.33424.131
MinimumVisualStudioVersion = 10.0.40219.1
Project("{8BC9CEB8-8B4A-11D0-8D11-00A0C91BC942}") = "001_AR47Start", "001_AR47Start\001_AR47Start.vcxproj", "{B7F0DABF-25F7-4513-8DBD-608A8562C385}"
EndProject
Project("{8BC9CEB8-8B4A-11D0-8D11-00A0C91BC942}") = "002_Compaile", "002_Compaile\002_Compaile.vcxproj", "{D7E23C5E-FE21-41DF-9068-18E8F6545024}"
EndProject
Project("{8BC9CEB8-8B4A-11D0-8D11-00A0C91BC942}") = "003_MainFunction", "003_MainFunction\003_MainFunction.vcxproj", "{C5BB315D-0604-4A12-95CA-8F1D019FAC3D}"
EndProject
Project("{8BC9CEB8-8B4A-11D0-8D11-00A0C91BC942}") = "004_Var", "004_Var\004_Var.vcxproj", "{A63F84C9-66DC-4DBA-AEF4-69EA69C1D69D}"
EndProject
Project("{2150E333-8FDC-42A3-9474-1A3956D46DE8}") = "Doc", "Doc", "{E6708EF1-2ADD-4212-9682-7C5E4FD2875F}"
	ProjectSection(SolutionItems) = preProject
		용어설명.txt = 용어설명.txt
	EndProjectSection
EndProject
Project("{8BC9CEB8-8B4A-11D0-8D11-00A0C91BC942}") = "005.Operator000", "005.Operator000\005.Operator000.vcxproj", "{EA9FA6D3-449A-4B1D-8291-D655AD135286}"
EndProject
Project("{8BC9CEB8-8B4A-11D0-8D11-00A0C91BC942}") = "006_InitorCopy", "006_InitorCopy\006_InitorCopy.vcxproj", "{E8D23DFA-B930-45E3-89ED-A02E69D48D39}"
EndProject
Project("{8BC9CEB8-8B4A-11D0-8D11-00A0C91BC942}") = "007_Operator001", "007_Operator001\007_Operator001.vcxproj", "{0FF24460-25CF-4255-B41E-889E2774DA07}"
EndProject
Project("{8BC9CEB8-8B4A-11D0-8D11-00A0C91BC942}") = "008_Bit", "008_Bit\008_Bit.vcxproj", "{98C28A88-54AA-40D8-9B19-96818D16BC4B}"
EndProject
Project("{8BC9CEB8-8B4A-11D0-8D11-00A0C91BC942}") = "009_Semicolon", "009_Semicolon\009_Semicolon.vcxproj", "{754D317F-8418-43A1-8362-C815A529D341}"
EndProject
Project("{8BC9CEB8-8B4A-11D0-8D11-00A0C91BC942}") = "010_Operator002", "010_Operator002\010_Operator002.vcxproj", "{5A9D1935-AD99-4616-8451-977DB7624652}"
EndProject
Project("{8BC9CEB8-8B4A-11D0-8D11-00A0C91BC942}") = "011_Operator003", "011_Operator003\011_Operator003.vcxproj", "{02E02E74-6647-42CC-8700-ABAA4E34B4F4}"
EndProject
Project("{8BC9CEB8-8B4A-11D0-8D11-00A0C91BC942}") = "012_FunctionAndMemmory", "012_FunctionAndMemmory\012_FunctionAndMemmory.vcxproj", "{D7CAE3E8-C147-4FDF-A375-CC6249B25436}"
EndProject
Project("{8BC9CEB8-8B4A-11D0-8D11-00A0C91BC942}") = "013_Function", "013_Function\013_Function.vcxproj", "{AFA07824-01F2-4651-9EF2-7E645003C76B}"
EndProject
Project("{2150E333-8FDC-42A3-9474-1A3956D46DE8}") = "솔루션 항목", "솔루션 항목", "{E8453DF5-0056-44C0-B391-1836F1FF6487}"
	ProjectSection(SolutionItems) = preProject
		메모리영역.txt = 메모리영역.txt
	EndProjectSection
EndProject
Global
	GlobalSection(SolutionConfigurationPlatforms) = preSolution
		Debug|x64 = Debug|x64
		Debug|x86 = Debug|x86
		Release|x64 = Release|x64
		Release|x86 = Release|x86
	EndGlobalSection
	GlobalSection(ProjectConfigurationPlatforms) = postSolution
		{B7F0DABF-25F7-4513-8DBD-608A8562C385}.Debug|x64.ActiveCfg = Debug|x64
		{B7F0DABF-25F7-4513-8DBD-608A8562C385}.Debug|x64.Build.0 = Debug|x64
		{B7F0DABF-25F7-4513-8DBD-608A8562C385}.Debug|x86.ActiveCfg = Debug|Win32
		{B7F0DABF-25F7-4513-8DBD-608A8562C385}.Debug|x86.Build.0 = Debug|Win32
		{B7F0DABF-25F7-4513-8DBD-608A8562C385}.Release|x64.ActiveCfg = Release|x64
		{B7F0DABF-25F7-4513-8DBD-608A8562C385}.Release|x64.Build.0 = Release|x64
		{B7F0DABF-25F7-4513-8DBD-608A8562C385}.Release|x86.ActiveCfg = Release|Win32
		{B7F0DABF-25F7-4513-8DBD-608A8562C385}.Release|x86.Build.0 = Release|Win32
		{D7E23C5E-FE21-41DF-9068-18E8F6545024}.Debug|x64.ActiveCfg = Debug|x64
		{D7E23C5E-FE21-41DF-9068-18E8F6545024}.Debug|x64.Build.0 = Debug|x64
		{D7E23C5E-FE21-41DF-9068-18E8F6545024}.Debug|x86.ActiveCfg = Debug|Win32
		{D7E23C5E-FE21-41DF-9068-18E8F6545024}.Debug|x86.Build.0 = Debug|Win32
		{D7E23C5E-FE21-41DF-9068-18E8F6545024}.Release|x64.ActiveCfg = Release|x64
		{D7E23C5E-FE21-41DF-9068-18E8F6545024}.Release|x64.Build.0 = Release|x64
		{D7E23C5E-FE21-41DF-9068-18E8F6545024}.Release|x86.ActiveCfg = Release|Win32
		{D7E23C5E-FE21-41DF-9068-18E8F6545024}.Release|x86.Build.0 = Release|Win32
		{C5BB315D-0604-4A12-95CA-8F1D019FAC3D}.Debug|x64.ActiveCfg = Debug|x64
		{C5BB315D-0604-4A12-95CA-8F1D019FAC3D}.Debug|x64.Build.0 = Debug|x64
		{C5BB315D-0604-4A12-95CA-8F1D019FAC3D}.Debug|x86.ActiveCfg = Debug|Win32
		{C5BB315D-0604-4A12-95CA-8F1D019FAC3D}.Debug|x86.Build.0 = Debug|Win32
		{C5BB315D-0604-4A12-95CA-8F1D019FAC3D}.Release|x64.ActiveCfg = Release|x64
		{C5BB315D-0604-4A12-95CA-8F1D019FAC3D}.Release|x64.Build.0 = Release|x64
		{C5BB315D-0604-4A12-95CA-8F1D019FAC3D}.Release|x86.ActiveCfg = Release|Win32
		{C5BB315D-0604-4A12-95CA-8F1D019FAC3D}.Release|x86.Build.0 = Release|Win32
		{A63F84C9-66DC-4DBA-AEF4-69EA69C1D69D}.Debug|x64.ActiveCfg = Debug|x64
		{A63F84C9-66DC-4DBA-AEF4-69EA69C1D69D}.Debug|x64.Build.0 = Debug|x64
		{A63F84C9-66DC-4DBA-AEF4-69EA69C1D69D}.Debug|x86.ActiveCfg = Debug|Win32
		{A63F84C9-66DC-4DBA-AEF4-69EA69C1D69D}.Debug|x86.Build.0 = Debug|Win32
		{A63F84C9-66DC-4DBA-AEF4-69EA69C1D69D}.Release|x64.ActiveCfg = Release|x64
		{A63F84C9-66DC-4DBA-AEF4-69EA69C1D69D}.Release|x64.Build.0 = Release|x64
		{A63F84C9-66DC-4DBA-AEF4-69EA69C1D69D}.Release|x86.ActiveCfg = Release|Win32
		{A63F84C9-66DC-4DBA-AEF4-69EA69C1D69D}.Release|x86.Build.0 = Release|Win32
		{EA9FA6D3-449A-4B1D-8291-D655AD135286}.Debug|x64.ActiveCfg = Debug|x64
		{EA9FA6D3-449A-4B1D-8291-D655AD135286}.Debug|x64.Build.0 = Debug|x64
		{EA9FA6D3-449A-4B1D-8291-D655AD135286}.Debug|x86.ActiveCfg = Debug|Win32
		{EA9FA6D3-449A-4B1D-8291-D655AD135286}.Debug|x86.Build.0 = Debug|Win32
		{EA9FA6D3-449A-4B1D-8291-D655AD135286}.Release|x64.ActiveCfg = Release|x64
		{EA9FA6D3-449A-4B1D-8291-D655AD135286}.Release|x64.Build.0 = Release|x64
		{EA9FA6D3-449A-4B1D-8291-D655AD135286}.Release|x86.ActiveCfg = Release|Win32
		{EA9FA6D3-449A-4B1D-8291-D655AD135286}.Release|x86.Build.0 = Release|Win32
		{E8D23DFA-B930-45E3-89ED-A02E69D48D39}.Debug|x64.ActiveCfg = Debug|x64
		{E8D23DFA-B930-45E3-89ED-A02E69D48D39}.Debug|x64.Build.0 = Debug|x64
		{E8D23DFA-B930-45E3-89ED-A02E69D48D39}.Debug|x86.ActiveCfg = Debug|Win32
		{E8D23DFA-B930-45E3-89ED-A02E69D48D39}.Debug|x86.Build.0 = Debug|Win32
		{E8D23DFA-B930-45E3-89ED-A02E69D48D39}.Release|x64.ActiveCfg = Release|x64
		{E8D23DFA-B930-45E3-89ED-A02E69D48D39}.Release|x64.Build.0 = Release|x64
		{E8D23DFA-B930-45E3-89ED-A02E69D48D39}.Release|x86.ActiveCfg = Release|Win32
		{E8D23DFA-B930-45E3-89ED-A02E69D48D39}.Release|x86.Build.0 = Release|Win32
		{0FF24460-25CF-4255-B41E-889E2774DA07}.Debug|x64.ActiveCfg = Debug|x64
		{0FF24460-25CF-4255-B41E-889E2774DA07}.Debug|x64.Build.0 = Debug|x64
		{0FF24460-25CF-4255-B41E-889E2774DA07}.Debug|x86.ActiveCfg = Debug|Win32
		{0FF24460-25CF-4255-B41E-889E2774DA07}.Debug|x86.Build.0 = Debug|Win32
		{0FF24460-25CF-4255-B41E-889E2774DA07}.Release|x64.ActiveCfg = Release|x64
		{0FF24460-25CF-4255-B41E-889E2774DA07}.Release|x64.Build.0 = Release|x64
		{0FF24460-25CF-4255-B41E-889E2774DA07}.Release|x86.ActiveCfg = Release|Win32
		{0FF24460-25CF-4255-B41E-889E2774DA07}.Release|x86.Build.0 = Release|Win32
		{98C28A88-54AA-40D8-9B19-96818D16BC4B}.Debug|x64.ActiveCfg = Debug|x64
		{98C28A88-54AA-40D8-9B19-96818D16BC4B}.Debug|x64.Build.0 = Debug|x64
		{98C28A88-54AA-40D8-9B19-96818D16BC4B}.Debug|x86.ActiveCfg = Debug|Win32
		{98C28A88-54AA-40D8-9B19-96818D16BC4B}.Debug|x86.Build.0 = Debug|Win32
		{98C28A88-54AA-40D8-9B19-96818D16BC4B}.Release|x64.ActiveCfg = Release|x64
		{98C28A88-54AA-40D8-9B19-96818D16BC4B}.Release|x64.Build.0 = Release|x64
		{98C28A88-54AA-40D8-9B19-96818D16BC4B}.Release|x86.ActiveCfg = Release|Win32
		{98C28A88-54AA-40D8-9B19-96818D16BC4B}.Release|x86.Build.0 = Release|Win32
		{754D317F-8418-43A1-8362-C815A529D341}.Debug|x64.ActiveCfg = Debug|x64
		{754D317F-8418-43A1-8362-C815A529D341}.Debug|x64.Build.0 = Debug|x64
		{754D317F-8418-43A1-8362-C815A529D341}.Debug|x86.ActiveCfg = Debug|Win32
		{754D317F-8418-43A1-8362-C815A529D341}.Debug|x86.Build.0 = Debug|Win32
		{754D317F-8418-43A1-8362-C815A529D341}.Release|x64.ActiveCfg = Release|x64
		{754D317F-8418-43A1-8362-C815A529D341}.Release|x64.Build.0 = Release|x64
		{754D317F-8418-43A1-8362-C815A529D341}.Release|x86.ActiveCfg = Release|Win32
		{754D317F-8418-43A1-8362-C815A529D341}.Release|x86.Build.0 = Release|Win32
		{5A9D1935-AD99-4616-8451-977DB7624652}.Debug|x64.ActiveCfg = Debug|x64
		{5A9D1935-AD99-4616-8451-977DB7624652}.Debug|x64.Build.0 = Debug|x64
		{5A9D1935-AD99-4616-8451-977DB7624652}.Debug|x86.ActiveCfg = Debug|Win32
		{5A9D1935-AD99-4616-8451-977DB7624652}.Debug|x86.Build.0 = Debug|Win32
		{5A9D1935-AD99-4616-8451-977DB7624652}.Release|x64.ActiveCfg = Release|x64
		{5A9D1935-AD99-4616-8451-977DB7624652}.Release|x64.Build.0 = Release|x64
		{5A9D1935-AD99-4616-8451-977DB7624652}.Release|x86.ActiveCfg = Release|Win32
		{5A9D1935-AD99-4616-8451-977DB7624652}.Release|x86.Build.0 = Release|Win32
		{02E02E74-6647-42CC-8700-ABAA4E34B4F4}.Debug|x64.ActiveCfg = Debug|x64
		{02E02E74-6647-42CC-8700-ABAA4E34B4F4}.Debug|x64.Build.0 = Debug|x64
		{02E02E74-6647-42CC-8700-ABAA4E34B4F4}.Debug|x86.ActiveCfg = Debug|Win32
		{02E02E74-6647-42CC-8700-ABAA4E34B4F4}.Debug|x86.Build.0 = Debug|Win32
		{02E02E74-6647-42CC-8700-ABAA4E34B4F4}.Release|x64.ActiveCfg = Release|x64
		{02E02E74-6647-42CC-8700-ABAA4E34B4F4}.Release|x64.Build.0 = Release|x64
		{02E02E74-6647-42CC-8700-ABAA4E34B4F4}.Release|x86.ActiveCfg = Release|Win32
		{02E02E74-6647-42CC-8700-ABAA4E34B4F4}.Release|x86.Build.0 = Release|Win32
		{D7CAE3E8-C147-4FDF-A375-CC6249B25436}.Debug|x64.ActiveCfg = Debug|x64
		{D7CAE3E8-C147-4FDF-A375-CC6249B25436}.Debug|x64.Build.0 = Debug|x64
		{D7CAE3E8-C147-4FDF-A375-CC6249B25436}.Debug|x86.ActiveCfg = Debug|Win32
		{D7CAE3E8-C147-4FDF-A375-CC6249B25436}.Debug|x86.Build.0 = Debug|Win32
		{D7CAE3E8-C147-4FDF-A375-CC6249B25436}.Release|x64.ActiveCfg = Release|x64
		{D7CAE3E8-C147-4FDF-A375-CC6249B25436}.Release|x64.Build.0 = Release|x64
		{D7CAE3E8-C147-4FDF-A375-CC6249B25436}.Release|x86.ActiveCfg = Release|Win32
		{D7CAE3E8-C147-4FDF-A375-CC6249B25436}.Release|x86.Build.0 = Release|Win32
		{AFA07824-01F2-4651-9EF2-7E645003C76B}.Debug|x64.ActiveCfg = Debug|x64
		{AFA07824-01F2-4651-9EF2-7E645003C76B}.Debug|x64.Build.0 = Debug|x64
		{AFA07824-01F2-4651-9EF2-7E645003C76B}.Debug|x86.ActiveCfg = Debug|Win32
		{AFA07824-01F2-4651-9EF2-7E645003C76B}.Debug|x86.Build.0 = Debug|Win32
		{AFA07824-01F2-4651-9EF2-7E645003C76B}.Release|x64.ActiveCfg = Release|x64
		{AFA07824-01F2-4651-9EF2-7E645003C76B}.Release|x64.Build.0 = Release|x64
		{AFA07824-01F2-4651-9EF2-7E645003C76B}.Release|x86.ActiveCfg = Release|Win32
		{AFA07824-01F2-4651-9EF2-7E645003C76B}.Release|x86.Build.0 = Release|Win32
	EndGlobalSection
	GlobalSection(SolutionProperties) = preSolution
		HideSolutionNode = FALSE
	EndGlobalSection
	GlobalSection(ExtensibilityGlobals) = postSolution
		SolutionGuid = {C79F7984-522B-4A8B-A37C-EC94E20E8750}
	EndGlobalSection
EndGlobal
